
Microsoft Visual Studio Solution File, Format Version 12.00
# Visual Studio Version 17
VisualStudioVersion = 17.7.34018.315
MinimumVisualStudioVersion = 10.0.40219.1
Project("{FAE04EC0-301F-11D3-BF4B-00C04F79EFBC}") = "ClassLibrary3", "ClassLibrary3\ClassLibrary3.csproj", "{1A4A7DF3-4C1F-4677-873E-005C059866D2}"
EndProject
Global
	GlobalSection(SolutionConfigurationPlatforms) = preSolution
		Debug|Any CPU = Debug|Any CPU
		Release|Any CPU = Release|Any CPU
	EndGlobalSection
	GlobalSection(ProjectConfigurationPlatforms) = postSolution
		{1A4A7DF3-4C1F-4677-873E-005C059866D2}.Debug|Any CPU.ActiveCfg = Debug|Any CPU
		{1A4A7DF3-4C1F-4677-873E-005C059866D2}.Debug|Any CPU.Build.0 = Debug|Any CPU
		{1A4A7DF3-4C1F-4677-873E-005C059866D2}.Release|Any CPU.ActiveCfg = Release|Any CPU
		{1A4A7DF3-4C1F-4677-873E-005C059866D2}.Release|Any CPU.Build.0 = Release|Any CPU
	EndGlobalSection
	GlobalSection(SolutionProperties) = preSolution
		HideSolutionNode = FALSE
	EndGlobalSection
	GlobalSection(ExtensibilityGlobals) = postSolution
		SolutionGuid = {42B63A68-4544-4BA4-B8BA-AC89034CAD3B}
	EndGlobalSection
EndGlobal
